{
  "nodes": {
    "nixpkgs": {
      "locked": {
        "lastModified": 1787854979,
        "narHash": "sha256-xOKiYZqPQDVMbHgQG0fDoxFZY24QHRosywOHha8Ag1A=",
        "owner": "NixOS",
        "repo": "nixpkgs",
        "rev": "dd075bbebdf6b3e77bc188954f6b20cb6dc12e1b",
        "type": "github"
      },
      "original": {
        "owner": "NixOS",
        "repo": "nixpkgs",
        "type": "github"
      }
    },
    "root": {
      "inputs": {
        "nixpkgs": "nixpkgs"
      }
    }
  },
  "root": "root",
  "version": 7
}
