{
  "nodes": {
    "nixpkgs": {
      "locked": {
        "lastModified": 1740405310,
        "narHash": "sha256-wxGw5JgCxtiUmfQFn+nNeRr34k/lC/Dq1UaADgKwP8w=",
        "owner": "NixOS",
        "repo": "nixpkgs",
        "rev": "e559756f97caf0b5ac3ad59c42c8e1d00d28e1fe",
        "type": "github"
      },
      "original": {
        "owner": "NixOS",
        "repo": "nixpkgs",
        "type": "github"
      }
    },
    "root": {
      "inputs": {
        "nixpkgs": "nixpkgs"
      }
    }
  },
  "root": "root",
  "version": 7
}
