{
  "nodes": {
    "nixpkgs": {
      "locked": {
        "lastModified": 1759605013,
        "narHash": "sha256-NAQJrwws/RkWFBxd2Uz/89fzaD6XxsMmBcgWcx3bfSI=",
        "owner": "NixOS",
        "repo": "nixpkgs",
        "rev": "6eb65e006d9d0c4e7e4c6b28c4eb0fcac6134032",
        "type": "github"
      },
      "original": {
        "owner": "NixOS",
        "repo": "nixpkgs",
        "type": "github"
      }
    },
    "root": {
      "inputs": {
        "nixpkgs": "nixpkgs"
      }
    }
  },
  "root": "root",
  "version": 7
}
